// !$*UTF8*$!
{
	archiveVersion = 1;
	classes = {
	};
	objectVersion = 56;
	objects = {

/* Begin PBXBuildFile section */
		04BE4F312C47FC72002F777E /* WeSkiApp.swift in Sources */ = {isa = PBXBuildFile; fileRef = 04BE4F302C47FC72002F777E /* WeSkiApp.swift */; };
		04BE4F352C47FC76002F777E /* Assets.xcassets in Resources */ = {isa = PBXBuildFile; fileRef = 04BE4F342C47FC76002F777E /* Assets.xcassets */; };
		04BE4F382C47FC76002F777E /* Preview Assets.xcassets in Resources */ = {isa = PBXBuildFile; fileRef = 04BE4F372C47FC76002F777E /* Preview Assets.xcassets */; };
		04C92AC42C625E3F005F397F /* Text+.swift in Sources */ = {isa = PBXBuildFile; fileRef = 04C92AC12C625E3F005F397F /* Text+.swift */; };
		04C92AC62C625E71005F397F /* Color+.swift in Sources */ = {isa = PBXBuildFile; fileRef = 04C92AC52C625E71005F397F /* Color+.swift */; };
		04C92AC82C625E7A005F397F /* Font+.swift in Sources */ = {isa = PBXBuildFile; fileRef = 04C92AC72C625E7A005F397F /* Font+.swift */; };
		04C92ACE2C6260B5005F397F /* MainView.swift in Sources */ = {isa = PBXBuildFile; fileRef = 04C92ACD2C6260B5005F397F /* MainView.swift */; };
		04C92AD02C626281005F397F /* SplashView.swift in Sources */ = {isa = PBXBuildFile; fileRef = 04C92ACF2C626281005F397F /* SplashView.swift */; };
		04C92AD22C63BAD4005F397F /* MainResortView.swift in Sources */ = {isa = PBXBuildFile; fileRef = 04C92AD12C63BAD4005F397F /* MainResortView.swift */; };
		04C92AD42C6A4ACE005F397F /* ResortDetailView.swift in Sources */ = {isa = PBXBuildFile; fileRef = 04C92AD32C6A4ACE005F397F /* ResortDetailView.swift */; };
		04C92AD62C6A5600005F397F /* ResortInfoView.swift in Sources */ = {isa = PBXBuildFile; fileRef = 04C92AD52C6A5600005F397F /* ResortInfoView.swift */; };
		04C92AD92C6A5BD8005F397F /* SlidingTabView in Frameworks */ = {isa = PBXBuildFile; productRef = 04C92AD82C6A5BD8005F397F /* SlidingTabView */; };
		04C92ADB2C6A640A005F397F /* SnowQualityView.swift in Sources */ = {isa = PBXBuildFile; fileRef = 04C92ADA2C6A640A005F397F /* SnowQualityView.swift */; };
		04C92ADD2C6B0917005F397F /* WeatherTabView.swift in Sources */ = {isa = PBXBuildFile; fileRef = 04C92ADC2C6B0917005F397F /* WeatherTabView.swift */; };
		04C92AE32C6DB6E3005F397F /* NavBackButtonView.swift in Sources */ = {isa = PBXBuildFile; fileRef = 04C92AE22C6DB6E3005F397F /* NavBackButtonView.swift */; };
		04C92AE52C6DC553005F397F /* Modifier.swift in Sources */ = {isa = PBXBuildFile; fileRef = 04C92AE42C6DC553005F397F /* Modifier.swift */; };
		04C92AE72C6DD12E005F397F /* View+.swift in Sources */ = {isa = PBXBuildFile; fileRef = 04C92AE62C6DD12E005F397F /* View+.swift */; };
		04C92AE92C6DD5C0005F397F /* WebView.swift in Sources */ = {isa = PBXBuildFile; fileRef = 04C92AE82C6DD5C0005F397F /* WebView.swift */; };
		04C92AEE2C70DEFB005F397F /* Image+.swift in Sources */ = {isa = PBXBuildFile; fileRef = 04C92AED2C70DEFB005F397F /* Image+.swift */; };
		04C92AF02C71E39B005F397F /* SlopeTabView.swift in Sources */ = {isa = PBXBuildFile; fileRef = 04C92AEF2C71E39B005F397F /* SlopeTabView.swift */; };
		04C92AF22C722494005F397F /* Router.swift in Sources */ = {isa = PBXBuildFile; fileRef = 04C92AF12C722494005F397F /* Router.swift */; };
		04C92AF52C722580005F397F /* Alamofire in Frameworks */ = {isa = PBXBuildFile; productRef = 04C92AF42C722580005F397F /* Alamofire */; };
		04C92AF72C722785005F397F /* ResortEnum.swift in Sources */ = {isa = PBXBuildFile; fileRef = 04C92AF62C722785005F397F /* ResortEnum.swift */; };
		04C92AF92C739C3F005F397F /* Models.swift in Sources */ = {isa = PBXBuildFile; fileRef = 04C92AF82C739C3F005F397F /* Models.swift */; };
		04C92AFB2C73A542005F397F /* Network.swift in Sources */ = {isa = PBXBuildFile; fileRef = 04C92AFA2C73A542005F397F /* Network.swift */; };
		04C92AFD2C73A92D005F397F /* NetworkManager.swift in Sources */ = {isa = PBXBuildFile; fileRef = 04C92AFC2C73A92D005F397F /* NetworkManager.swift */; };
		04C92B002C74D812005F397F /* Date+.swift in Sources */ = {isa = PBXBuildFile; fileRef = 04C92AFF2C74D812005F397F /* Date+.swift */; };
		04C92B032C76399B005F397F /* snow.sks in Resources */ = {isa = PBXBuildFile; fileRef = 04C92B012C76399B005F397F /* snow.sks */; };
		04C92B042C76399B005F397F /* Assets.xcassets in Resources */ = {isa = PBXBuildFile; fileRef = 04C92B022C76399B005F397F /* Assets.xcassets */; };
		04C92B062C763EBD005F397F /* SnowScene.swift in Sources */ = {isa = PBXBuildFile; fileRef = 04C92B052C763EBD005F397F /* SnowScene.swift */; };
		04C92B082C78DF63005F397F /* UserDefaultsManager.swift in Sources */ = {isa = PBXBuildFile; fileRef = 04C92B072C78DF63005F397F /* UserDefaultsManager.swift */; };
		04C92B0B2C78E652005F397F /* SimpleToast in Frameworks */ = {isa = PBXBuildFile; productRef = 04C92B0A2C78E652005F397F /* SimpleToast */; };
/* End PBXBuildFile section */

/* Begin PBXFileReference section */
		04BE4F2D2C47FC72002F777E /* WeSki.app */ = {isa = PBXFileReference; explicitFileType = wrapper.application; includeInIndex = 0; path = WeSki.app; sourceTree = BUILT_PRODUCTS_DIR; };
		04BE4F302C47FC72002F777E /* WeSkiApp.swift */ = {isa = PBXFileReference; lastKnownFileType = sourcecode.swift; path = WeSkiApp.swift; sourceTree = "<group>"; };
		04BE4F342C47FC76002F777E /* Assets.xcassets */ = {isa = PBXFileReference; lastKnownFileType = folder.assetcatalog; path = Assets.xcassets; sourceTree = "<group>"; };
		04BE4F372C47FC76002F777E /* Preview Assets.xcassets */ = {isa = PBXFileReference; lastKnownFileType = folder.assetcatalog; path = "Preview Assets.xcassets"; sourceTree = "<group>"; };
		04C92AC12C625E3F005F397F /* Text+.swift */ = {isa = PBXFileReference; fileEncoding = 4; lastKnownFileType = sourcecode.swift; path = "Text+.swift"; sourceTree = "<group>"; };
		04C92AC52C625E71005F397F /* Color+.swift */ = {isa = PBXFileReference; lastKnownFileType = sourcecode.swift; path = "Color+.swift"; sourceTree = "<group>"; };
		04C92AC72C625E7A005F397F /* Font+.swift */ = {isa = PBXFileReference; lastKnownFileType = sourcecode.swift; path = "Font+.swift"; sourceTree = "<group>"; };
		04C92ACD2C6260B5005F397F /* MainView.swift */ = {isa = PBXFileReference; lastKnownFileType = sourcecode.swift; path = MainView.swift; sourceTree = "<group>"; };
		04C92ACF2C626281005F397F /* SplashView.swift */ = {isa = PBXFileReference; lastKnownFileType = sourcecode.swift; path = SplashView.swift; sourceTree = "<group>"; };
		04C92AD12C63BAD4005F397F /* MainResortView.swift */ = {isa = PBXFileReference; lastKnownFileType = sourcecode.swift; path = MainResortView.swift; sourceTree = "<group>"; };
		04C92AD32C6A4ACE005F397F /* ResortDetailView.swift */ = {isa = PBXFileReference; lastKnownFileType = sourcecode.swift; path = ResortDetailView.swift; sourceTree = "<group>"; };
		04C92AD52C6A5600005F397F /* ResortInfoView.swift */ = {isa = PBXFileReference; lastKnownFileType = sourcecode.swift; path = ResortInfoView.swift; sourceTree = "<group>"; };
		04C92ADA2C6A640A005F397F /* SnowQualityView.swift */ = {isa = PBXFileReference; lastKnownFileType = sourcecode.swift; path = SnowQualityView.swift; sourceTree = "<group>"; };
		04C92ADC2C6B0917005F397F /* WeatherTabView.swift */ = {isa = PBXFileReference; lastKnownFileType = sourcecode.swift; path = WeatherTabView.swift; sourceTree = "<group>"; };
		04C92AE22C6DB6E3005F397F /* NavBackButtonView.swift */ = {isa = PBXFileReference; lastKnownFileType = sourcecode.swift; path = NavBackButtonView.swift; sourceTree = "<group>"; };
		04C92AE42C6DC553005F397F /* Modifier.swift */ = {isa = PBXFileReference; lastKnownFileType = sourcecode.swift; path = Modifier.swift; sourceTree = "<group>"; };
		04C92AE62C6DD12E005F397F /* View+.swift */ = {isa = PBXFileReference; lastKnownFileType = sourcecode.swift; path = "View+.swift"; sourceTree = "<group>"; };
		04C92AE82C6DD5C0005F397F /* WebView.swift */ = {isa = PBXFileReference; lastKnownFileType = sourcecode.swift; path = WebView.swift; sourceTree = "<group>"; };
		04C92AED2C70DEFB005F397F /* Image+.swift */ = {isa = PBXFileReference; lastKnownFileType = sourcecode.swift; path = "Image+.swift"; sourceTree = "<group>"; };
		04C92AEF2C71E39B005F397F /* SlopeTabView.swift */ = {isa = PBXFileReference; lastKnownFileType = sourcecode.swift; path = SlopeTabView.swift; sourceTree = "<group>"; };
		04C92AF12C722494005F397F /* Router.swift */ = {isa = PBXFileReference; lastKnownFileType = sourcecode.swift; path = Router.swift; sourceTree = "<group>"; };
		04C92AF62C722785005F397F /* ResortEnum.swift */ = {isa = PBXFileReference; lastKnownFileType = sourcecode.swift; path = ResortEnum.swift; sourceTree = "<group>"; };
		04C92AF82C739C3F005F397F /* Models.swift */ = {isa = PBXFileReference; lastKnownFileType = sourcecode.swift; path = Models.swift; sourceTree = "<group>"; };
		04C92AFA2C73A542005F397F /* Network.swift */ = {isa = PBXFileReference; lastKnownFileType = sourcecode.swift; path = Network.swift; sourceTree = "<group>"; };
		04C92AFC2C73A92D005F397F /* NetworkManager.swift */ = {isa = PBXFileReference; lastKnownFileType = sourcecode.swift; path = NetworkManager.swift; sourceTree = "<group>"; };
		04C92AFE2C73AFC1005F397F /* Info.plist */ = {isa = PBXFileReference; lastKnownFileType = text.plist; path = Info.plist; sourceTree = "<group>"; };
		04C92AFF2C74D812005F397F /* Date+.swift */ = {isa = PBXFileReference; lastKnownFileType = sourcecode.swift; path = "Date+.swift"; sourceTree = "<group>"; };
		04C92B012C76399B005F397F /* snow.sks */ = {isa = PBXFileReference; lastKnownFileType = file.sks; path = snow.sks; sourceTree = "<group>"; };
		04C92B022C76399B005F397F /* Assets.xcassets */ = {isa = PBXFileReference; lastKnownFileType = folder.assetcatalog; path = Assets.xcassets; sourceTree = "<group>"; };
		04C92B052C763EBD005F397F /* SnowScene.swift */ = {isa = PBXFileReference; lastKnownFileType = sourcecode.swift; path = SnowScene.swift; sourceTree = "<group>"; };
		04C92B072C78DF63005F397F /* UserDefaultsManager.swift */ = {isa = PBXFileReference; lastKnownFileType = sourcecode.swift; path = UserDefaultsManager.swift; sourceTree = "<group>"; };
/* End PBXFileReference section */

/* Begin PBXFrameworksBuildPhase section */
		04BE4F2A2C47FC72002F777E /* Frameworks */ = {
			isa = PBXFrameworksBuildPhase;
			buildActionMask = 2147483647;
			files = (
				04C92AD92C6A5BD8005F397F /* SlidingTabView in Frameworks */,
				04C92B0B2C78E652005F397F /* SimpleToast in Frameworks */,
				04C92AF52C722580005F397F /* Alamofire in Frameworks */,
			);
			runOnlyForDeploymentPostprocessing = 0;
		};
/* End PBXFrameworksBuildPhase section */

/* Begin PBXGroup section */
		04BE4F242C47FC72002F777E = {
			isa = PBXGroup;
			children = (
				04BE4F2F2C47FC72002F777E /* WeSki */,
				04BE4F2E2C47FC72002F777E /* Products */,
			);
			sourceTree = "<group>";
		};
		04BE4F2E2C47FC72002F777E /* Products */ = {
			isa = PBXGroup;
			children = (
				04BE4F2D2C47FC72002F777E /* WeSki.app */,
			);
			name = Products;
			sourceTree = "<group>";
		};
		04BE4F2F2C47FC72002F777E /* WeSki */ = {
			isa = PBXGroup;
			children = (
				04C92AFE2C73AFC1005F397F /* Info.plist */,
				04C92ABD2C625E0C005F397F /* App */,
				04C92ACA2C625ED2005F397F /* Model */,
				04C92AC92C625EC9005F397F /* Network */,
				04C92ACC2C62604B005F397F /* Scene */,
				04C92ABE2C625E1B005F397F /* DesignSystem */,
				04C92ACB2C625EE0005F397F /* Resources */,
				04BE4F362C47FC76002F777E /* Preview Content */,
			);
			path = WeSki;
			sourceTree = "<group>";
		};
		04BE4F362C47FC76002F777E /* Preview Content */ = {
			isa = PBXGroup;
			children = (
				04BE4F372C47FC76002F777E /* Preview Assets.xcassets */,
			);
			path = "Preview Content";
			sourceTree = "<group>";
		};
		04C92ABD2C625E0C005F397F /* App */ = {
			isa = PBXGroup;
			children = (
				04BE4F302C47FC72002F777E /* WeSkiApp.swift */,
			);
			path = App;
			sourceTree = "<group>";
		};
		04C92ABE2C625E1B005F397F /* DesignSystem */ = {
			isa = PBXGroup;
			children = (
				04C92AFF2C74D812005F397F /* Date+.swift */,
				04C92AC12C625E3F005F397F /* Text+.swift */,
				04C92AC52C625E71005F397F /* Color+.swift */,
				04C92AC72C625E7A005F397F /* Font+.swift */,
				04C92AED2C70DEFB005F397F /* Image+.swift */,
			);
			path = DesignSystem;
			sourceTree = "<group>";
		};
		04C92AC92C625EC9005F397F /* Network */ = {
			isa = PBXGroup;
			children = (
				04C92AF12C722494005F397F /* Router.swift */,
				04C92AFC2C73A92D005F397F /* NetworkManager.swift */,
				04C92AFA2C73A542005F397F /* Network.swift */,
			);
			path = Network;
			sourceTree = "<group>";
		};
		04C92ACA2C625ED2005F397F /* Model */ = {
			isa = PBXGroup;
			children = (
				04C92AF62C722785005F397F /* ResortEnum.swift */,
				04C92AF82C739C3F005F397F /* Models.swift */,
				04C92B072C78DF63005F397F /* UserDefaultsManager.swift */,
			);
			path = Model;
			sourceTree = "<group>";
		};
		04C92ACB2C625EE0005F397F /* Resources */ = {
			isa = PBXGroup;
			children = (
				04BE4F342C47FC76002F777E /* Assets.xcassets */,
			);
			path = Resources;
			sourceTree = "<group>";
		};
		04C92ACC2C62604B005F397F /* Scene */ = {
			isa = PBXGroup;
			children = (
				04C92ACF2C626281005F397F /* SplashView.swift */,
				04C92ACD2C6260B5005F397F /* MainView.swift */,
				04C92AD12C63BAD4005F397F /* MainResortView.swift */,
				04C92AD52C6A5600005F397F /* ResortInfoView.swift */,
				04C92AD32C6A4ACE005F397F /* ResortDetailView.swift */,
				04C92ADC2C6B0917005F397F /* WeatherTabView.swift */,
				04C92AEF2C71E39B005F397F /* SlopeTabView.swift */,
				04C92ADA2C6A640A005F397F /* SnowQualityView.swift */,
				04C92B052C763EBD005F397F /* SnowScene.swift */,
				04C92B012C76399B005F397F /* snow.sks */,
				04C92B022C76399B005F397F /* Assets.xcassets */,
				04C92AEA2C6DEA5D005F397F /* Common */,
			);
			path = Scene;
			sourceTree = "<group>";
		};
		04C92AEA2C6DEA5D005F397F /* Common */ = {
			isa = PBXGroup;
			children = (
				04C92AE22C6DB6E3005F397F /* NavBackButtonView.swift */,
				04C92AE42C6DC553005F397F /* Modifier.swift */,
				04C92AE82C6DD5C0005F397F /* WebView.swift */,
				04C92AE62C6DD12E005F397F /* View+.swift */,
			);
			path = Common;
			sourceTree = "<group>";
		};
/* End PBXGroup section */

/* Begin PBXNativeTarget section */
		04BE4F2C2C47FC72002F777E /* WeSki */ = {
			isa = PBXNativeTarget;
			buildConfigurationList = 04BE4F3B2C47FC76002F777E /* Build configuration list for PBXNativeTarget "WeSki" */;
			buildPhases = (
				04BE4F292C47FC72002F777E /* Sources */,
				04BE4F2A2C47FC72002F777E /* Frameworks */,
				04BE4F2B2C47FC72002F777E /* Resources */,
			);
			buildRules = (
			);
			dependencies = (
			);
			name = WeSki;
			packageProductDependencies = (
				04C92AD82C6A5BD8005F397F /* SlidingTabView */,
				04C92AF42C722580005F397F /* Alamofire */,
				04C92B0A2C78E652005F397F /* SimpleToast */,
			);
			productName = WeSki;
			productReference = 04BE4F2D2C47FC72002F777E /* WeSki.app */;
			productType = "com.apple.product-type.application";
		};
/* End PBXNativeTarget section */

/* Begin PBXProject section */
		04BE4F252C47FC72002F777E /* Project object */ = {
			isa = PBXProject;
			attributes = {
				BuildIndependentTargetsInParallel = 1;
				LastSwiftUpdateCheck = 1540;
				LastUpgradeCheck = 1540;
				TargetAttributes = {
					04BE4F2C2C47FC72002F777E = {
						CreatedOnToolsVersion = 15.4;
					};
				};
			};
			buildConfigurationList = 04BE4F282C47FC72002F777E /* Build configuration list for PBXProject "WeSki" */;
			compatibilityVersion = "Xcode 14.0";
			developmentRegion = en;
			hasScannedForEncodings = 0;
			knownRegions = (
				en,
				Base,
			);
			mainGroup = 04BE4F242C47FC72002F777E;
			packageReferences = (
				04C92AD72C6A5BD8005F397F /* XCRemoteSwiftPackageReference "SlidingTabView" */,
				04C92AF32C722580005F397F /* XCRemoteSwiftPackageReference "Alamofire" */,
				04C92B092C78E652005F397F /* XCRemoteSwiftPackageReference "SimpleToast" */,
			);
			productRefGroup = 04BE4F2E2C47FC72002F777E /* Products */;
			projectDirPath = "";
			projectRoot = "";
			targets = (
				04BE4F2C2C47FC72002F777E /* WeSki */,
			);
		};
/* End PBXProject section */

/* Begin PBXResourcesBuildPhase section */
		04BE4F2B2C47FC72002F777E /* Resources */ = {
			isa = PBXResourcesBuildPhase;
			buildActionMask = 2147483647;
			files = (
				04BE4F382C47FC76002F777E /* Preview Assets.xcassets in Resources */,
				04C92B032C76399B005F397F /* snow.sks in Resources */,
				04C92B042C76399B005F397F /* Assets.xcassets in Resources */,
				04BE4F352C47FC76002F777E /* Assets.xcassets in Resources */,
			);
			runOnlyForDeploymentPostprocessing = 0;
		};
/* End PBXResourcesBuildPhase section */

/* Begin PBXSourcesBuildPhase section */
		04BE4F292C47FC72002F777E /* Sources */ = {
			isa = PBXSourcesBuildPhase;
			buildActionMask = 2147483647;
			files = (
				04C92B002C74D812005F397F /* Date+.swift in Sources */,
				04C92ADD2C6B0917005F397F /* WeatherTabView.swift in Sources */,
				04C92ACE2C6260B5005F397F /* MainView.swift in Sources */,
				04C92AF02C71E39B005F397F /* SlopeTabView.swift in Sources */,
				04C92AD02C626281005F397F /* SplashView.swift in Sources */,
				04C92AFD2C73A92D005F397F /* NetworkManager.swift in Sources */,
				04C92AE52C6DC553005F397F /* Modifier.swift in Sources */,
				04C92AC82C625E7A005F397F /* Font+.swift in Sources */,
				04C92AC62C625E71005F397F /* Color+.swift in Sources */,
				04C92AE32C6DB6E3005F397F /* NavBackButtonView.swift in Sources */,
				04C92AC42C625E3F005F397F /* Text+.swift in Sources */,
				04C92B082C78DF63005F397F /* UserDefaultsManager.swift in Sources */,
				04C92AD42C6A4ACE005F397F /* ResortDetailView.swift in Sources */,
				04C92AF22C722494005F397F /* Router.swift in Sources */,
				04C92AE92C6DD5C0005F397F /* WebView.swift in Sources */,
				04C92ADB2C6A640A005F397F /* SnowQualityView.swift in Sources */,
				04C92B062C763EBD005F397F /* SnowScene.swift in Sources */,
				04C92AFB2C73A542005F397F /* Network.swift in Sources */,
				04C92AEE2C70DEFB005F397F /* Image+.swift in Sources */,
				04C92AE72C6DD12E005F397F /* View+.swift in Sources */,
				04C92AD62C6A5600005F397F /* ResortInfoView.swift in Sources */,
				04BE4F312C47FC72002F777E /* WeSkiApp.swift in Sources */,
				04C92AD22C63BAD4005F397F /* MainResortView.swift in Sources */,
				04C92AF72C722785005F397F /* ResortEnum.swift in Sources */,
				04C92AF92C739C3F005F397F /* Models.swift in Sources */,
			);
			runOnlyForDeploymentPostprocessing = 0;
		};
/* End PBXSourcesBuildPhase section */

/* Begin XCBuildConfiguration section */
		04BE4F392C47FC76002F777E /* Debug */ = {
			isa = XCBuildConfiguration;
			buildSettings = {
				ALWAYS_SEARCH_USER_PATHS = NO;
				ASSETCATALOG_COMPILER_GENERATE_SWIFT_ASSET_SYMBOL_EXTENSIONS = YES;
				CLANG_ANALYZER_NONNULL = YES;
				CLANG_ANALYZER_NUMBER_OBJECT_CONVERSION = YES_AGGRESSIVE;
				CLANG_CXX_LANGUAGE_STANDARD = "gnu++20";
				CLANG_ENABLE_MODULES = YES;
				CLANG_ENABLE_OBJC_ARC = YES;
				CLANG_ENABLE_OBJC_WEAK = YES;
				CLANG_WARN_BLOCK_CAPTURE_AUTORELEASING = YES;
				CLANG_WARN_BOOL_CONVERSION = YES;
				CLANG_WARN_COMMA = YES;
				CLANG_WARN_CONSTANT_CONVERSION = YES;
				CLANG_WARN_DEPRECATED_OBJC_IMPLEMENTATIONS = YES;
				CLANG_WARN_DIRECT_OBJC_ISA_USAGE = YES_ERROR;
				CLANG_WARN_DOCUMENTATION_COMMENTS = YES;
				CLANG_WARN_EMPTY_BODY = YES;
				CLANG_WARN_ENUM_CONVERSION = YES;
				CLANG_WARN_INFINITE_RECURSION = YES;
				CLANG_WARN_INT_CONVERSION = YES;
				CLANG_WARN_NON_LITERAL_NULL_CONVERSION = YES;
				CLANG_WARN_OBJC_IMPLICIT_RETAIN_SELF = YES;
				CLANG_WARN_OBJC_LITERAL_CONVERSION = YES;
				CLANG_WARN_OBJC_ROOT_CLASS = YES_ERROR;
				CLANG_WARN_QUOTED_INCLUDE_IN_FRAMEWORK_HEADER = YES;
				CLANG_WARN_RANGE_LOOP_ANALYSIS = YES;
				CLANG_WARN_STRICT_PROTOTYPES = YES;
				CLANG_WARN_SUSPICIOUS_MOVE = YES;
				CLANG_WARN_UNGUARDED_AVAILABILITY = YES_AGGRESSIVE;
				CLANG_WARN_UNREACHABLE_CODE = YES;
				CLANG_WARN__DUPLICATE_METHOD_MATCH = YES;
				COPY_PHASE_STRIP = NO;
				DEBUG_INFORMATION_FORMAT = dwarf;
				ENABLE_STRICT_OBJC_MSGSEND = YES;
				ENABLE_TESTABILITY = YES;
				ENABLE_USER_SCRIPT_SANDBOXING = YES;
				GCC_C_LANGUAGE_STANDARD = gnu17;
				GCC_DYNAMIC_NO_PIC = NO;
				GCC_NO_COMMON_BLOCKS = YES;
				GCC_OPTIMIZATION_LEVEL = 0;
				GCC_PREPROCESSOR_DEFINITIONS = (
					"DEBUG=1",
					"$(inherited)",
				);
				GCC_WARN_64_TO_32_BIT_CONVERSION = YES;
				GCC_WARN_ABOUT_RETURN_TYPE = YES_ERROR;
				GCC_WARN_UNDECLARED_SELECTOR = YES;
				GCC_WARN_UNINITIALIZED_AUTOS = YES_AGGRESSIVE;
				GCC_WARN_UNUSED_FUNCTION = YES;
				GCC_WARN_UNUSED_VARIABLE = YES;
				IPHONEOS_DEPLOYMENT_TARGET = 17.0;
				LOCALIZATION_PREFERS_STRING_CATALOGS = YES;
				MTL_ENABLE_DEBUG_INFO = INCLUDE_SOURCE;
				MTL_FAST_MATH = YES;
				ONLY_ACTIVE_ARCH = YES;
				SDKROOT = iphoneos;
				SWIFT_ACTIVE_COMPILATION_CONDITIONS = "DEBUG $(inherited)";
				SWIFT_OPTIMIZATION_LEVEL = "-Onone";
			};
			name = Debug;
		};
		04BE4F3A2C47FC76002F777E /* Release */ = {
			isa = XCBuildConfiguration;
			buildSettings = {
				ALWAYS_SEARCH_USER_PATHS = NO;
				ASSETCATALOG_COMPILER_GENERATE_SWIFT_ASSET_SYMBOL_EXTENSIONS = YES;
				CLANG_ANALYZER_NONNULL = YES;
				CLANG_ANALYZER_NUMBER_OBJECT_CONVERSION = YES_AGGRESSIVE;
				CLANG_CXX_LANGUAGE_STANDARD = "gnu++20";
				CLANG_ENABLE_MODULES = YES;
				CLANG_ENABLE_OBJC_ARC = YES;
				CLANG_ENABLE_OBJC_WEAK = YES;
				CLANG_WARN_BLOCK_CAPTURE_AUTORELEASING = YES;
				CLANG_WARN_BOOL_CONVERSION = YES;
				CLANG_WARN_COMMA = YES;
				CLANG_WARN_CONSTANT_CONVERSION = YES;
				CLANG_WARN_DEPRECATED_OBJC_IMPLEMENTATIONS = YES;
				CLANG_WARN_DIRECT_OBJC_ISA_USAGE = YES_ERROR;
				CLANG_WARN_DOCUMENTATION_COMMENTS = YES;
				CLANG_WARN_EMPTY_BODY = YES;
				CLANG_WARN_ENUM_CONVERSION = YES;
				CLANG_WARN_INFINITE_RECURSION = YES;
				CLANG_WARN_INT_CONVERSION = YES;
				CLANG_WARN_NON_LITERAL_NULL_CONVERSION = YES;
				CLANG_WARN_OBJC_IMPLICIT_RETAIN_SELF = YES;
				CLANG_WARN_OBJC_LITERAL_CONVERSION = YES;
				CLANG_WARN_OBJC_ROOT_CLASS = YES_ERROR;
				CLANG_WARN_QUOTED_INCLUDE_IN_FRAMEWORK_HEADER = YES;
				CLANG_WARN_RANGE_LOOP_ANALYSIS = YES;
				CLANG_WARN_STRICT_PROTOTYPES = YES;
				CLANG_WARN_SUSPICIOUS_MOVE = YES;
				CLANG_WARN_UNGUARDED_AVAILABILITY = YES_AGGRESSIVE;
				CLANG_WARN_UNREACHABLE_CODE = YES;
				CLANG_WARN__DUPLICATE_METHOD_MATCH = YES;
				COPY_PHASE_STRIP = NO;
				DEBUG_INFORMATION_FORMAT = "dwarf-with-dsym";
				ENABLE_NS_ASSERTIONS = NO;
				ENABLE_STRICT_OBJC_MSGSEND = YES;
				ENABLE_USER_SCRIPT_SANDBOXING = YES;
				GCC_C_LANGUAGE_STANDARD = gnu17;
				GCC_NO_COMMON_BLOCKS = YES;
				GCC_WARN_64_TO_32_BIT_CONVERSION = YES;
				GCC_WARN_ABOUT_RETURN_TYPE = YES_ERROR;
				GCC_WARN_UNDECLARED_SELECTOR = YES;
				GCC_WARN_UNINITIALIZED_AUTOS = YES_AGGRESSIVE;
				GCC_WARN_UNUSED_FUNCTION = YES;
				GCC_WARN_UNUSED_VARIABLE = YES;
				IPHONEOS_DEPLOYMENT_TARGET = 17.0;
				LOCALIZATION_PREFERS_STRING_CATALOGS = YES;
				MTL_ENABLE_DEBUG_INFO = NO;
				MTL_FAST_MATH = YES;
				SDKROOT = iphoneos;
				SWIFT_COMPILATION_MODE = wholemodule;
				VALIDATE_PRODUCT = YES;
			};
			name = Release;
		};
		04BE4F3C2C47FC76002F777E /* Debug */ = {
			isa = XCBuildConfiguration;
			buildSettings = {
				ASSETCATALOG_COMPILER_APPICON_NAME = AppIcon;
				ASSETCATALOG_COMPILER_GLOBAL_ACCENT_COLOR_NAME = AccentColor;
				CODE_SIGN_STYLE = Automatic;
				CURRENT_PROJECT_VERSION = 4;
				DEVELOPMENT_ASSET_PATHS = "\"WeSki/Preview Content\"";
				DEVELOPMENT_TEAM = HQ9MZ38KLH;
				ENABLE_PREVIEWS = YES;
				GENERATE_INFOPLIST_FILE = YES;
				INFOPLIST_FILE = WeSki/Info.plist;
				INFOPLIST_KEY_CFBundleDisplayName = WeSki;
				INFOPLIST_KEY_UIApplicationSceneManifest_Generation = YES;
				INFOPLIST_KEY_UIApplicationSupportsIndirectInputEvents = YES;
				INFOPLIST_KEY_UILaunchScreen_Generation = YES;
				INFOPLIST_KEY_UISupportedInterfaceOrientations = UIInterfaceOrientationPortrait;
				INFOPLIST_KEY_UISupportedInterfaceOrientations_iPad = "UIInterfaceOrientationLandscapeLeft UIInterfaceOrientationLandscapeRight UIInterfaceOrientationPortrait UIInterfaceOrientationPortraitUpsideDown";
				INFOPLIST_KEY_UIUserInterfaceStyle = Light;
				IPHONEOS_DEPLOYMENT_TARGET = 17.0;
				LD_RUNPATH_SEARCH_PATHS = (
					"$(inherited)",
					"@executable_path/Frameworks",
				);
				MARKETING_VERSION = 1.3;
				PRODUCT_BUNDLE_IDENTIFIER = com.kokojong.WeSki;
				PRODUCT_NAME = "$(TARGET_NAME)";
				SUPPORTED_PLATFORMS = "iphoneos iphonesimulator";
				SUPPORTS_MACCATALYST = NO;
				SUPPORTS_MAC_DESIGNED_FOR_IPHONE_IPAD = NO;
				SUPPORTS_XR_DESIGNED_FOR_IPHONE_IPAD = NO;
				SWIFT_EMIT_LOC_STRINGS = YES;
				SWIFT_VERSION = 5.0;
				TARGETED_DEVICE_FAMILY = 1;
			};
			name = Debug;
		};
		04BE4F3D2C47FC76002F777E /* Release */ = {
			isa = XCBuildConfiguration;
			buildSettings = {
				ASSETCATALOG_COMPILER_APPICON_NAME = AppIcon;
				ASSETCATALOG_COMPILER_GLOBAL_ACCENT_COLOR_NAME = AccentColor;
				CODE_SIGN_STYLE = Automatic;
				CURRENT_PROJECT_VERSION = 4;
				DEVELOPMENT_ASSET_PATHS = "\"WeSki/Preview Content\"";
				DEVELOPMENT_TEAM = HQ9MZ38KLH;
				ENABLE_PREVIEWS = YES;
				GENERATE_INFOPLIST_FILE = YES;
				INFOPLIST_FILE = WeSki/Info.plist;
				INFOPLIST_KEY_CFBundleDisplayName = WeSki;
				INFOPLIST_KEY_UIApplicationSceneManifest_Generation = YES;
				INFOPLIST_KEY_UIApplicationSupportsIndirectInputEvents = YES;
				INFOPLIST_KEY_UILaunchScreen_Generation = YES;
				INFOPLIST_KEY_UISupportedInterfaceOrientations = UIInterfaceOrientationPortrait;
				INFOPLIST_KEY_UISupportedInterfaceOrientations_iPad = "UIInterfaceOrientationLandscapeLeft UIInterfaceOrientationLandscapeRight UIInterfaceOrientationPortrait UIInterfaceOrientationPortraitUpsideDown";
				INFOPLIST_KEY_UIUserInterfaceStyle = Light;
				IPHONEOS_DEPLOYMENT_TARGET = 17.0;
				LD_RUNPATH_SEARCH_PATHS = (
					"$(inherited)",
					"@executable_path/Frameworks",
				);
				MARKETING_VERSION = 1.3;
				PRODUCT_BUNDLE_IDENTIFIER = com.kokojong.WeSki;
				PRODUCT_NAME = "$(TARGET_NAME)";
				SUPPORTED_PLATFORMS = "iphoneos iphonesimulator";
				SUPPORTS_MACCATALYST = NO;
				SUPPORTS_MAC_DESIGNED_FOR_IPHONE_IPAD = NO;
				SUPPORTS_XR_DESIGNED_FOR_IPHONE_IPAD = NO;
				SWIFT_EMIT_LOC_STRINGS = YES;
				SWIFT_VERSION = 5.0;
				TARGETED_DEVICE_FAMILY = 1;
			};
			name = Release;
		};
/* End XCBuildConfiguration section */

/* Begin XCConfigurationList section */
		04BE4F282C47FC72002F777E /* Build configuration list for PBXProject "WeSki" */ = {
			isa = XCConfigurationList;
			buildConfigurations = (
				04BE4F392C47FC76002F777E /* Debug */,
				04BE4F3A2C47FC76002F777E /* Release */,
			);
			defaultConfigurationIsVisible = 0;
			defaultConfigurationName = Release;
		};
		04BE4F3B2C47FC76002F777E /* Build configuration list for PBXNativeTarget "WeSki" */ = {
			isa = XCConfigurationList;
			buildConfigurations = (
				04BE4F3C2C47FC76002F777E /* Debug */,
				04BE4F3D2C47FC76002F777E /* Release */,
			);
			defaultConfigurationIsVisible = 0;
			defaultConfigurationName = Release;
		};
/* End XCConfigurationList section */

/* Begin XCRemoteSwiftPackageReference section */
		04C92AD72C6A5BD8005F397F /* XCRemoteSwiftPackageReference "SlidingTabView" */ = {
			isa = XCRemoteSwiftPackageReference;
			repositoryURL = "https://github.com/QuynhNguyen/SlidingTabView.git";
			requirement = {
				kind = upToNextMajorVersion;
				minimumVersion = 1.0.2;
			};
		};
		04C92AF32C722580005F397F /* XCRemoteSwiftPackageReference "Alamofire" */ = {
			isa = XCRemoteSwiftPackageReference;
			repositoryURL = "https://github.com/Alamofire/Alamofire.git";
			requirement = {
				kind = upToNextMajorVersion;
				minimumVersion = 5.9.1;
			};
		};
		04C92B092C78E652005F397F /* XCRemoteSwiftPackageReference "SimpleToast" */ = {
			isa = XCRemoteSwiftPackageReference;
			repositoryURL = "https://github.com/sanzaru/SimpleToast.git";
			requirement = {
				kind = upToNextMajorVersion;
				minimumVersion = 0.8.1;
			};
		};
/* End XCRemoteSwiftPackageReference section */

/* Begin XCSwiftPackageProductDependency section */
		04C92AD82C6A5BD8005F397F /* SlidingTabView */ = {
			isa = XCSwiftPackageProductDependency;
			package = 04C92AD72C6A5BD8005F397F /* XCRemoteSwiftPackageReference "SlidingTabView" */;
			productName = SlidingTabView;
		};
		04C92AF42C722580005F397F /* Alamofire */ = {
			isa = XCSwiftPackageProductDependency;
			package = 04C92AF32C722580005F397F /* XCRemoteSwiftPackageReference "Alamofire" */;
			productName = Alamofire;
		};
		04C92B0A2C78E652005F397F /* SimpleToast */ = {
			isa = XCSwiftPackageProductDependency;
			package = 04C92B092C78E652005F397F /* XCRemoteSwiftPackageReference "SimpleToast" */;
			productName = SimpleToast;
		};
/* End XCSwiftPackageProductDependency section */
	};
	rootObject = 04BE4F252C47FC72002F777E /* Project object */;
}
